
Microsoft Visual Studio Solution File, Format Version 12.00
# Visual Studio 15
VisualStudioVersion = 15.0.28307.645
MinimumVisualStudioVersion = 10.0.40219.1
Project("{8BC9CEB8-8B4A-11D0-8D11-00A0C91BC942}") = "task_1", "task_1\task_1.vcxproj", "{A904E462-0D12-401B-B6A0-AB11E81494D7}"
EndProject
Global
	GlobalSection(SolutionConfigurationPlatforms) = preSolution
		Debug|x64 = Debug|x64
		Debug|x86 = Debug|x86
		Release|x64 = Release|x64
		Release|x86 = Release|x86
	EndGlobalSection
	GlobalSection(ProjectConfigurationPlatforms) = postSolution
		{A904E462-0D12-401B-B6A0-AB11E81494D7}.Debug|x64.ActiveCfg = Debug|x64
		{A904E462-0D12-401B-B6A0-AB11E81494D7}.Debug|x64.Build.0 = Debug|x64
		{A904E462-0D12-401B-B6A0-AB11E81494D7}.Debug|x86.ActiveCfg = Debug|Win32
		{A904E462-0D12-401B-B6A0-AB11E81494D7}.Debug|x86.Build.0 = Debug|Win32
		{A904E462-0D12-401B-B6A0-AB11E81494D7}.Release|x64.ActiveCfg = Release|x64
		{A904E462-0D12-401B-B6A0-AB11E81494D7}.Release|x64.Build.0 = Release|x64
		{A904E462-0D12-401B-B6A0-AB11E81494D7}.Release|x86.ActiveCfg = Release|Win32
		{A904E462-0D12-401B-B6A0-AB11E81494D7}.Release|x86.Build.0 = Release|Win32
	EndGlobalSection
	GlobalSection(SolutionProperties) = preSolution
		HideSolutionNode = FALSE
	EndGlobalSection
	GlobalSection(ExtensibilityGlobals) = postSolution
		SolutionGuid = {23CA6E00-700B-48C9-9FB4-ADE8E98CCFE7}
	EndGlobalSection
EndGlobal
